
Microsoft Visual Studio Solution File, Format Version 12.00
# Visual Studio 15
VisualStudioVersion = 15.0.27428.2005
MinimumVisualStudioVersion = 10.0.40219.1
Project("{FAE04EC0-301F-11D3-BF4B-00C04F79EFBC}") = "Byteauthor.Servoise.Web", "Byteauthor.Servoise.Web\Byteauthor.Servoise.Web.csproj", "{864BADE5-0018-45A9-826F-B0C397A64ABE}"
EndProject
Project("{E53339B2-1760-4266-BCC7-CA923CBCF16C}") = "docker-compose", "docker-compose.dcproj", "{A7B83795-B0F2-4DAE-8310-0FB510A6355D}"
EndProject
Global
	GlobalSection(SolutionConfigurationPlatforms) = preSolution
		Debug|Any CPU = Debug|Any CPU
		Release|Any CPU = Release|Any CPU
	EndGlobalSection
	GlobalSection(ProjectConfigurationPlatforms) = postSolution
		{864BADE5-0018-45A9-826F-B0C397A64ABE}.Debug|Any CPU.ActiveCfg = Debug|Any CPU
		{864BADE5-0018-45A9-826F-B0C397A64ABE}.Debug|Any CPU.Build.0 = Debug|Any CPU
		{864BADE5-0018-45A9-826F-B0C397A64ABE}.Release|Any CPU.ActiveCfg = Release|Any CPU
		{864BADE5-0018-45A9-826F-B0C397A64ABE}.Release|Any CPU.Build.0 = Release|Any CPU
		{A7B83795-B0F2-4DAE-8310-0FB510A6355D}.Debug|Any CPU.ActiveCfg = Debug|Any CPU
		{A7B83795-B0F2-4DAE-8310-0FB510A6355D}.Debug|Any CPU.Build.0 = Debug|Any CPU
		{A7B83795-B0F2-4DAE-8310-0FB510A6355D}.Release|Any CPU.ActiveCfg = Release|Any CPU
		{A7B83795-B0F2-4DAE-8310-0FB510A6355D}.Release|Any CPU.Build.0 = Release|Any CPU
	EndGlobalSection
	GlobalSection(SolutionProperties) = preSolution
		HideSolutionNode = FALSE
	EndGlobalSection
	GlobalSection(ExtensibilityGlobals) = postSolution
		SolutionGuid = {87E1A821-9391-4C5B-81EA-57CF6D99E7E5}
	EndGlobalSection
EndGlobal
